// !$*UTF8*$!
{
	archiveVersion = 1;
	classes = {
	};
	objectVersion = 56;
	objects = {

/* Begin PBXBuildFile section */
		150F7B3F557940EA90CA8901 /* UserProfile.swift in Sources */ = {isa = PBXBuildFile; fileRef = 26BB825D49B64EE8A15B1EE7 /* UserProfile.swift */; };
		1F7BD671EB4442D0AEF5D8CE /* AppViewModel.swift in Sources */ = {isa = PBXBuildFile; fileRef = A06FA49070CC404EA37C543E /* AppViewModel.swift */; };
		27DD2EEE990B4279875BCB72 /* MemoriesView.swift in Sources */ = {isa = PBXBuildFile; fileRef = CDE96F33216543DEAFBEF3D0 /* MemoriesView.swift */; };
		CAR001000000000000000001 /* MemoryCarouselView.swift in Sources */ = {isa = PBXBuildFile; fileRef = CAR002000000000000000001 /* MemoryCarouselView.swift */; };
		38ABF02D442148B7AD863466 /* Colors.swift in Sources */ = {isa = PBXBuildFile; fileRef = 76343AB596AD4B76B1119451 /* Colors.swift */; };
		41365669B934429CBCA5F6A5 /* LiveSessionState.swift in Sources */ = {isa = PBXBuildFile; fileRef = 2AD2663102EF4682ACD4795F /* LiveSessionState.swift */; };
		B89C9A45AFC5415E96101AD8 /* GeminiLiveService.swift in Sources */ = {isa = PBXBuildFile; fileRef = 215C6D7287E548F6B377A7B6 /* GeminiLiveService.swift */; };
		C3DE39FA3546492492D5A466 /* LiveSessionViewModel.swift in Sources */ = {isa = PBXBuildFile; fileRef = 23EA2C91E8E74A92A218B84C /* LiveSessionViewModel.swift */; };
		45CEA7B841E642AB91812826 /* GeminiService.swift in Sources */ = {isa = PBXBuildFile; fileRef = 983BA50C87DF43E190C6BF96 /* GeminiService.swift */; };
		7278DA7811D7468C831D8E42 /* SpeechService.swift in Sources */ = {isa = PBXBuildFile; fileRef = C7D16E615E1A40A7A9ADBFCB /* SpeechService.swift */; };
		8498B4C66FC54337AF701150 /* PlaybackView.swift in Sources */ = {isa = PBXBuildFile; fileRef = 7259413FA8F24BA9950D9980 /* PlaybackView.swift */; };
		966EF1AF5CE941F0A10740D0 /* Assets.xcassets in Resources */ = {isa = PBXBuildFile; fileRef = 3E2AADFDDECE49C2847688B6 /* Assets.xcassets */; };
		9875E7995D294CB988D762F3 /* HomeView.swift in Sources */ = {isa = PBXBuildFile; fileRef = E003D2E11731416396E5E3C8 /* HomeView.swift */; };
		9C309B4373B443F999011B83 /* SettingsView.swift in Sources */ = {isa = PBXBuildFile; fileRef = 5042CD26087445D78D12F05E /* SettingsView.swift */; };
		SE001000000000000000001 /* PersonalInfoView.swift in Sources */ = {isa = PBXBuildFile; fileRef = SE002000000000000000001 /* PersonalInfoView.swift */; };
		SE001000000000000000002 /* NotificationsSettingsView.swift in Sources */ = {isa = PBXBuildFile; fileRef = SE002000000000000000002 /* NotificationsSettingsView.swift */; };
		SE001000000000000000003 /* RecordVoiceView.swift in Sources */ = {isa = PBXBuildFile; fileRef = SE002000000000000000003 /* RecordVoiceView.swift */; };
		A12B001CB7DB49AF9563AD13 /* WelcomeBackApp.swift in Sources */ = {isa = PBXBuildFile; fileRef = F6E2D677905F4099AEF46386 /* WelcomeBackApp.swift */; };
		BB001MUSICKIT0000002 /* MusicKit.framework in Frameworks */ = {isa = PBXBuildFile; fileRef = BB001MUSICKIT0000001 /* MusicKit.framework */; };
		BB001MUSICVM0000002 /* MusicViewModel.swift in Sources */ = {isa = PBXBuildFile; fileRef = BB001MUSICVM0000001 /* MusicViewModel.swift */; };
		BDE30EA8963E4970B93DF40F /* Memory.swift in Sources */ = {isa = PBXBuildFile; fileRef = 70108CE7B4714B598E18371E /* Memory.swift */; };
		CD08A9AB62BF4F9797B044D6 /* PlaybackViewModel.swift in Sources */ = {isa = PBXBuildFile; fileRef = 29100E5723B2440287B86994 /* PlaybackViewModel.swift */; };
		D5902CCD9A4B40B681B9E5F6 /* FamilyMember.swift in Sources */ = {isa = PBXBuildFile; fileRef = AE8C6810B365488E95EE918D /* FamilyMember.swift */; };
		E4046ED6A3074741AC694A39 /* ContentView.swift in Sources */ = {isa = PBXBuildFile; fileRef = 3B71E72C11464A6798CA4FC3 /* ContentView.swift */; };
		E969761872CB48C986337B81 /* FamilyView.swift in Sources */ = {isa = PBXBuildFile; fileRef = B1A7AC45DE64420D84C56C35 /* FamilyView.swift */; };
		F00D1E1EFFED4B138C82C702 /* MusicView.swift in Sources */ = {isa = PBXBuildFile; fileRef = E4B61E8E07414909ABD6DA65 /* MusicView.swift */; };
		F353BBAF955D422496144B7C /* ListeningView.swift in Sources */ = {isa = PBXBuildFile; fileRef = 2F77DC1A47E5455F9EC84F72 /* ListeningView.swift */; };
		T001AA0000000000000000001 /* MemoryTests.swift in Sources */ = {isa = PBXBuildFile; fileRef = T002AA0000000000000000001 /* MemoryTests.swift */; };
		T001AA0000000000000000002 /* FamilyMemberTests.swift in Sources */ = {isa = PBXBuildFile; fileRef = T002AA0000000000000000002 /* FamilyMemberTests.swift */; };
		T001AA0000000000000000003 /* UserProfileTests.swift in Sources */ = {isa = PBXBuildFile; fileRef = T002AA0000000000000000003 /* UserProfileTests.swift */; };
		T001AA0000000000000000004 /* AppViewModelTests.swift in Sources */ = {isa = PBXBuildFile; fileRef = T002AA0000000000000000004 /* AppViewModelTests.swift */; };
		T001AA0000000000000000005 /* GeminiServiceTests.swift in Sources */ = {isa = PBXBuildFile; fileRef = T002AA0000000000000000005 /* GeminiServiceTests.swift */; };
		T001AA0000000000000000006 /* PlaybackViewModelTests.swift in Sources */ = {isa = PBXBuildFile; fileRef = T002AA0000000000000000006 /* PlaybackViewModelTests.swift */; };
		WGT001000000000000000001 /* WelcomeBackWidget.swift in Sources */ = {isa = PBXBuildFile; fileRef = WGT002000000000000000001 /* WelcomeBackWidget.swift */; };
		WGT010000000000000000002 /* WelcomeBackWidget.appex in Embed Foundation Extensions */ = {isa = PBXBuildFile; fileRef = WGT002000000000000000005 /* WelcomeBackWidget.appex */; settings = {ATTRIBUTES = (RemoveHeadersOnCopy, ); }; };
		WGT001000000000000000002 /* Assets.xcassets in Resources */ = {isa = PBXBuildFile; fileRef = WGT002000000000000000002 /* Assets.xcassets */; };
		WGT001000000000000000003 /* WidgetKit.framework in Frameworks */ = {isa = PBXBuildFile; fileRef = WGT002000000000000000003 /* WidgetKit.framework */; };
		WGT001000000000000000004 /* SwiftUI.framework in Frameworks */ = {isa = PBXBuildFile; fileRef = WGT002000000000000000004 /* SwiftUI.framework */; };
/* End PBXBuildFile section */

/* Begin PBXContainerItemProxy section */
		T003AA0000000000000000001 /* PBXContainerItemProxy */ = {
			isa = PBXContainerItemProxy;
			containerPortal = FB72992900FF436E8131F682 /* Project object */;
			proxyType = 1;
			remoteGlobalIDString = 15282737539D469CAF4A24B5;
			remoteInfo = WelcomeBack;
		};
		WGT011000000000000000002 /* PBXContainerItemProxy */ = {
			isa = PBXContainerItemProxy;
			containerPortal = FB72992900FF436E8131F682 /* Project object */;
			proxyType = 1;
			remoteGlobalIDString = WGT005000000000000000001;
			remoteInfo = WelcomeBackWidget;
		};
/* End PBXContainerItemProxy section */

/* Begin PBXFileReference section */
		26BB825D49B64EE8A15B1EE7 /* UserProfile.swift */ = {isa = PBXFileReference; lastKnownFileType = sourcecode.swift; path = UserProfile.swift; sourceTree = "<group>"; };
		29100E5723B2440287B86994 /* PlaybackViewModel.swift */ = {isa = PBXFileReference; lastKnownFileType = sourcecode.swift; path = PlaybackViewModel.swift; sourceTree = "<group>"; };
		2F77DC1A47E5455F9EC84F72 /* ListeningView.swift */ = {isa = PBXFileReference; lastKnownFileType = sourcecode.swift; path = ListeningView.swift; sourceTree = "<group>"; };
		3B71E72C11464A6798CA4FC3 /* ContentView.swift */ = {isa = PBXFileReference; lastKnownFileType = sourcecode.swift; path = ContentView.swift; sourceTree = "<group>"; };
		3E2AADFDDECE49C2847688B6 /* Assets.xcassets */ = {isa = PBXFileReference; lastKnownFileType = folder.assetcatalog; path = Assets.xcassets; sourceTree = "<group>"; };
		5042CD26087445D78D12F05E /* SettingsView.swift */ = {isa = PBXFileReference; lastKnownFileType = sourcecode.swift; path = SettingsView.swift; sourceTree = "<group>"; };
		SE002000000000000000001 /* PersonalInfoView.swift */ = {isa = PBXFileReference; lastKnownFileType = sourcecode.swift; path = PersonalInfoView.swift; sourceTree = "<group>"; };
		SE002000000000000000002 /* NotificationsSettingsView.swift */ = {isa = PBXFileReference; lastKnownFileType = sourcecode.swift; path = NotificationsSettingsView.swift; sourceTree = "<group>"; };
		SE002000000000000000003 /* RecordVoiceView.swift */ = {isa = PBXFileReference; lastKnownFileType = sourcecode.swift; path = RecordVoiceView.swift; sourceTree = "<group>"; };
		70108CE7B4714B598E18371E /* Memory.swift */ = {isa = PBXFileReference; lastKnownFileType = sourcecode.swift; path = Memory.swift; sourceTree = "<group>"; };
		7259413FA8F24BA9950D9980 /* PlaybackView.swift */ = {isa = PBXFileReference; lastKnownFileType = sourcecode.swift; path = PlaybackView.swift; sourceTree = "<group>"; };
		76343AB596AD4B76B1119451 /* Colors.swift */ = {isa = PBXFileReference; lastKnownFileType = sourcecode.swift; path = Colors.swift; sourceTree = "<group>"; };
		2AD2663102EF4682ACD4795F /* LiveSessionState.swift */ = {isa = PBXFileReference; lastKnownFileType = sourcecode.swift; path = LiveSessionState.swift; sourceTree = "<group>"; };
		215C6D7287E548F6B377A7B6 /* GeminiLiveService.swift */ = {isa = PBXFileReference; lastKnownFileType = sourcecode.swift; path = GeminiLiveService.swift; sourceTree = "<group>"; };
		23EA2C91E8E74A92A218B84C /* LiveSessionViewModel.swift */ = {isa = PBXFileReference; lastKnownFileType = sourcecode.swift; path = LiveSessionViewModel.swift; sourceTree = "<group>"; };
		983BA50C87DF43E190C6BF96 /* GeminiService.swift */ = {isa = PBXFileReference; lastKnownFileType = sourcecode.swift; path = GeminiService.swift; sourceTree = "<group>"; };
		A06FA49070CC404EA37C543E /* AppViewModel.swift */ = {isa = PBXFileReference; lastKnownFileType = sourcecode.swift; path = AppViewModel.swift; sourceTree = "<group>"; };
		AE8C6810B365488E95EE918D /* FamilyMember.swift */ = {isa = PBXFileReference; lastKnownFileType = sourcecode.swift; path = FamilyMember.swift; sourceTree = "<group>"; };
		AFFB626B53B843ABACAD5923 /* WelcomeBack.app */ = {isa = PBXFileReference; explicitFileType = wrapper.application; includeInIndex = 0; path = WelcomeBack.app; sourceTree = BUILT_PRODUCTS_DIR; };
		B1A7AC45DE64420D84C56C35 /* FamilyView.swift */ = {isa = PBXFileReference; lastKnownFileType = sourcecode.swift; path = FamilyView.swift; sourceTree = "<group>"; };
		BB001MUSICKIT0000001 /* MusicKit.framework */ = {isa = PBXFileReference; lastKnownFileType = wrapper.framework; name = MusicKit.framework; path = System/Library/Frameworks/MusicKit.framework; sourceTree = SDKROOT; };
		BB001MUSICVM0000001 /* MusicViewModel.swift */ = {isa = PBXFileReference; lastKnownFileType = sourcecode.swift; path = MusicViewModel.swift; sourceTree = "<group>"; };
		C7D16E615E1A40A7A9ADBFCB /* SpeechService.swift */ = {isa = PBXFileReference; lastKnownFileType = sourcecode.swift; path = SpeechService.swift; sourceTree = "<group>"; };
		CAR002000000000000000001 /* MemoryCarouselView.swift */ = {isa = PBXFileReference; lastKnownFileType = sourcecode.swift; path = MemoryCarouselView.swift; sourceTree = "<group>"; };
		CDE96F33216543DEAFBEF3D0 /* MemoriesView.swift */ = {isa = PBXFileReference; lastKnownFileType = sourcecode.swift; path = MemoriesView.swift; sourceTree = "<group>"; };
		DE297EACA8384C47815D0178 /* Info.plist */ = {isa = PBXFileReference; lastKnownFileType = text.plist.xml; path = Info.plist; sourceTree = "<group>"; };
		E003D2E11731416396E5E3C8 /* HomeView.swift */ = {isa = PBXFileReference; lastKnownFileType = sourcecode.swift; path = HomeView.swift; sourceTree = "<group>"; };
		E4B61E8E07414909ABD6DA65 /* MusicView.swift */ = {isa = PBXFileReference; lastKnownFileType = sourcecode.swift; path = MusicView.swift; sourceTree = "<group>"; };
		F6E2D677905F4099AEF46386 /* WelcomeBackApp.swift */ = {isa = PBXFileReference; lastKnownFileType = sourcecode.swift; path = WelcomeBackApp.swift; sourceTree = "<group>"; };
		T002AA0000000000000000001 /* MemoryTests.swift */ = {isa = PBXFileReference; lastKnownFileType = sourcecode.swift; path = MemoryTests.swift; sourceTree = "<group>"; };
		T002AA0000000000000000002 /* FamilyMemberTests.swift */ = {isa = PBXFileReference; lastKnownFileType = sourcecode.swift; path = FamilyMemberTests.swift; sourceTree = "<group>"; };
		T002AA0000000000000000003 /* UserProfileTests.swift */ = {isa = PBXFileReference; lastKnownFileType = sourcecode.swift; path = UserProfileTests.swift; sourceTree = "<group>"; };
		T002AA0000000000000000004 /* AppViewModelTests.swift */ = {isa = PBXFileReference; lastKnownFileType = sourcecode.swift; path = AppViewModelTests.swift; sourceTree = "<group>"; };
		T002AA0000000000000000005 /* GeminiServiceTests.swift */ = {isa = PBXFileReference; lastKnownFileType = sourcecode.swift; path = GeminiServiceTests.swift; sourceTree = "<group>"; };
		T002AA0000000000000000006 /* PlaybackViewModelTests.swift */ = {isa = PBXFileReference; lastKnownFileType = sourcecode.swift; path = PlaybackViewModelTests.swift; sourceTree = "<group>"; };
		T004AA0000000000000000001 /* WelcomeBackTests.xctest */ = {isa = PBXFileReference; explicitFileType = wrapper.cfbundle; includeInIndex = 0; path = WelcomeBackTests.xctest; sourceTree = BUILT_PRODUCTS_DIR; };
		WGT002000000000000000001 /* WelcomeBackWidget.swift */ = {isa = PBXFileReference; lastKnownFileType = sourcecode.swift; path = WelcomeBackWidget.swift; sourceTree = "<group>"; };
		WGT002000000000000000002 /* Assets.xcassets */ = {isa = PBXFileReference; lastKnownFileType = folder.assetcatalog; path = Assets.xcassets; sourceTree = "<group>"; };
		WGT002000000000000000006 /* WelcomeBackWidget-Info.plist */ = {isa = PBXFileReference; lastKnownFileType = text.plist.xml; path = "WelcomeBackWidget-Info.plist"; sourceTree = "<group>"; };
		WGT002000000000000000003 /* WidgetKit.framework */ = {isa = PBXFileReference; lastKnownFileType = wrapper.framework; name = WidgetKit.framework; path = System/Library/Frameworks/WidgetKit.framework; sourceTree = SDKROOT; };
		WGT002000000000000000004 /* SwiftUI.framework */ = {isa = PBXFileReference; lastKnownFileType = wrapper.framework; name = SwiftUI.framework; path = System/Library/Frameworks/SwiftUI.framework; sourceTree = SDKROOT; };
		WGT002000000000000000005 /* WelcomeBackWidget.appex */ = {isa = PBXFileReference; explicitFileType = "wrapper.app-extension"; includeInIndex = 0; path = WelcomeBackWidget.appex; sourceTree = BUILT_PRODUCTS_DIR; };
/* End PBXFileReference section */

/* Begin PBXFrameworksBuildPhase section */
		591463A43A7347799042A51D /* Frameworks */ = {
			isa = PBXFrameworksBuildPhase;
			buildActionMask = 2147483647;
			files = (
				BB001MUSICKIT0000002 /* MusicKit.framework in Frameworks */,
			);
			runOnlyForDeploymentPostprocessing = 0;
		};
		T005AA0000000000000000001 /* Frameworks */ = {
			isa = PBXFrameworksBuildPhase;
			buildActionMask = 2147483647;
			files = (
			);
			runOnlyForDeploymentPostprocessing = 0;
		};
		WGT003000000000000000001 /* Frameworks */ = {
			isa = PBXFrameworksBuildPhase;
			buildActionMask = 2147483647;
			files = (
				WGT001000000000000000003 /* WidgetKit.framework in Frameworks */,
				WGT001000000000000000004 /* SwiftUI.framework in Frameworks */,
			);
			runOnlyForDeploymentPostprocessing = 0;
		};
/* End PBXFrameworksBuildPhase section */

/* Begin PBXGroup section */
		0AC5CE7B3F224A4A8C503639 /* ViewModels */ = {
			isa = PBXGroup;
			children = (
				A06FA49070CC404EA37C543E /* AppViewModel.swift */,
				29100E5723B2440287B86994 /* PlaybackViewModel.swift */,
				23EA2C91E8E74A92A218B84C /* LiveSessionViewModel.swift */,
				BB001MUSICVM0000001 /* MusicViewModel.swift */,
			);
			path = ViewModels;
			sourceTree = "<group>";
		};
		0B822AB8ABC64A07BA47C3B4 = {
			isa = PBXGroup;
			children = (
				2057BA6F46724B71A613E6DB /* WelcomeBack */,
				WGT004000000000000000001 /* WelcomeBackWidget */,
				T006AA0000000000000000001 /* WelcomeBackTests */,
				4DB4CCA7AFE54C2C8ABC05AF /* Products */,
				BB001FRAMEWORKS0000001 /* Frameworks */,
			);
			sourceTree = "<group>";
		};
		0F8AC098900C481F8F3F4B83 /* Components */ = {
			isa = PBXGroup;
			children = (
				76343AB596AD4B76B1119451 /* Colors.swift */,
			);
			path = Components;
			sourceTree = "<group>";
		};
		2057BA6F46724B71A613E6DB /* WelcomeBack */ = {
			isa = PBXGroup;
			children = (
				F6E2D677905F4099AEF46386 /* WelcomeBackApp.swift */,
				CDE33D5DD1A34B418B2E6D36 /* Models */,
				0AC5CE7B3F224A4A8C503639 /* ViewModels */,
				5AA4BFAEF10046B7969992FE /* Services */,
				C6BFC52C67974DCBB461A633 /* Views */,
				292412A7699B4FA78D2F9763 /* Resources */,
				50B68D6E252C4BD796CF26B3 /* Supporting */,
			);
			path = WelcomeBack;
			sourceTree = "<group>";
		};
		292412A7699B4FA78D2F9763 /* Resources */ = {
			isa = PBXGroup;
			children = (
				3E2AADFDDECE49C2847688B6 /* Assets.xcassets */,
			);
			path = Resources;
			sourceTree = "<group>";
		};
		292412A7699B4FA78D2F9763X /* Home */ = {
			isa = PBXGroup;
			children = (
				E003D2E11731416396E5E3C8 /* HomeView.swift */,
			);
			path = Home;
			sourceTree = "<group>";
		};
		478B5530EE284291BB0BFE96 /* Settings */ = {
			isa = PBXGroup;
			children = (
				5042CD26087445D78D12F05E /* SettingsView.swift */,
				SE002000000000000000001 /* PersonalInfoView.swift */,
				SE002000000000000000002 /* NotificationsSettingsView.swift */,
				SE002000000000000000003 /* RecordVoiceView.swift */,
			);
			path = Settings;
			sourceTree = "<group>";
		};
		4DB4CCA7AFE54C2C8ABC05AF /* Products */ = {
			isa = PBXGroup;
			children = (
				AFFB626B53B843ABACAD5923 /* WelcomeBack.app */,
				T004AA0000000000000000001 /* WelcomeBackTests.xctest */,
				WGT002000000000000000005 /* WelcomeBackWidget.appex */,
			);
			name = Products;
			sourceTree = "<group>";
		};
		50B68D6E252C4BD796CF26B3 /* Supporting */ = {
			isa = PBXGroup;
			children = (
				DE297EACA8384C47815D0178 /* Info.plist */,
			);
			path = Supporting;
			sourceTree = "<group>";
		};
		50B68D6E252C4BD796CF26B3X /* Listening */ = {
			isa = PBXGroup;
			children = (
				2F77DC1A47E5455F9EC84F72 /* ListeningView.swift */,
			);
			path = Listening;
			sourceTree = "<group>";
		};
		5AA4BFAEF10046B7969992FE /* Services */ = {
			isa = PBXGroup;
			children = (
				983BA50C87DF43E190C6BF96 /* GeminiService.swift */,
				215C6D7287E548F6B377A7B6 /* GeminiLiveService.swift */,
				2AD2663102EF4682ACD4795F /* LiveSessionState.swift */,
				C7D16E615E1A40A7A9ADBFCB /* SpeechService.swift */,
			);
			path = Services;
			sourceTree = "<group>";
		};
		BB001FRAMEWORKS0000001 /* Frameworks */ = {
			isa = PBXGroup;
			children = (
				BB001MUSICKIT0000001 /* MusicKit.framework */,
				WGT002000000000000000003 /* WidgetKit.framework */,
				WGT002000000000000000004 /* SwiftUI.framework */,
			);
			name = Frameworks;
			sourceTree = "<group>";
		};
		WGT004000000000000000001 /* WelcomeBackWidget */ = {
			isa = PBXGroup;
			children = (
				WGT002000000000000000001 /* WelcomeBackWidget.swift */,
				WGT002000000000000000002 /* Assets.xcassets */,
				WGT002000000000000000006 /* WelcomeBackWidget-Info.plist */,
			);
			path = WelcomeBackWidget;
			sourceTree = "<group>";
		};
		C6BFC52C67974DCBB461A633 /* Views */ = {
			isa = PBXGroup;
			children = (
				3B71E72C11464A6798CA4FC3 /* ContentView.swift */,
				292412A7699B4FA78D2F9763X /* Home */,
				50B68D6E252C4BD796CF26B3X /* Listening */,
				E097C7719B164255B4F41849 /* Playback */,
				D9CADD94AE354277BC7B304E /* Memories */,
				D0AB60D89F744121884585C0 /* Family */,
				DCA935EA9F3D4C24809CA7ED /* Music */,
				478B5530EE284291BB0BFE96 /* Settings */,
				0F8AC098900C481F8F3F4B83 /* Components */,
			);
			path = Views;
			sourceTree = "<group>";
		};
		CDE33D5DD1A34B418B2E6D36 /* Models */ = {
			isa = PBXGroup;
			children = (
				70108CE7B4714B598E18371E /* Memory.swift */,
				AE8C6810B365488E95EE918D /* FamilyMember.swift */,
				26BB825D49B64EE8A15B1EE7 /* UserProfile.swift */,
			);
			path = Models;
			sourceTree = "<group>";
		};
		D0AB60D89F744121884585C0 /* Family */ = {
			isa = PBXGroup;
			children = (
				B1A7AC45DE64420D84C56C35 /* FamilyView.swift */,
			);
			path = Family;
			sourceTree = "<group>";
		};
		D9CADD94AE354277BC7B304E /* Memories */ = {
			isa = PBXGroup;
			children = (
				CDE96F33216543DEAFBEF3D0 /* MemoriesView.swift */,
				CAR002000000000000000001 /* MemoryCarouselView.swift */,
			);
			path = Memories;
			sourceTree = "<group>";
		};
		DCA935EA9F3D4C24809CA7ED /* Music */ = {
			isa = PBXGroup;
			children = (
				E4B61E8E07414909ABD6DA65 /* MusicView.swift */,
			);
			path = Music;
			sourceTree = "<group>";
		};
		E097C7719B164255B4F41849 /* Playback */ = {
			isa = PBXGroup;
			children = (
				7259413FA8F24BA9950D9980 /* PlaybackView.swift */,
			);
			path = Playback;
			sourceTree = "<group>";
		};
		T006AA0000000000000000001 /* WelcomeBackTests */ = {
			isa = PBXGroup;
			children = (
				T002AA0000000000000000001 /* MemoryTests.swift */,
				T002AA0000000000000000002 /* FamilyMemberTests.swift */,
				T002AA0000000000000000003 /* UserProfileTests.swift */,
				T002AA0000000000000000004 /* AppViewModelTests.swift */,
				T002AA0000000000000000005 /* GeminiServiceTests.swift */,
				T002AA0000000000000000006 /* PlaybackViewModelTests.swift */,
			);
			path = WelcomeBackTests;
			sourceTree = "<group>";
		};
/* End PBXGroup section */

/* Begin PBXNativeTarget section */
		WGT010000000000000000001 /* Embed Foundation Extensions */ = {
			isa = PBXCopyFilesBuildPhase;
			buildActionMask = 2147483647;
			dstPath = "";
			dstSubfolderSpec = 13;
			files = (
				WGT010000000000000000002 /* WelcomeBackWidget.appex in Embed Foundation Extensions */,
			);
			name = "Embed Foundation Extensions";
			runOnlyForDeploymentPostprocessing = 0;
		};
		15282737539D469CAF4A24B5 /* WelcomeBack */ = {
			isa = PBXNativeTarget;
			buildConfigurationList = AC866B4AFA354D33ABC46F51 /* Build configuration list for PBXNativeTarget "WelcomeBack" */;
			buildPhases = (
				57895A9AD78541B6B5F62E69 /* Sources */,
				591463A43A7347799042A51D /* Frameworks */,
				E8A96BFEE394464DB0D60924 /* Resources */,
				WGT010000000000000000001 /* Embed Foundation Extensions */,
			);
			buildRules = (
			);
			dependencies = (
				WGT011000000000000000001 /* PBXTargetDependency */,
			);
			name = WelcomeBack;
			productName = WelcomeBack;
			productReference = AFFB626B53B843ABACAD5923 /* WelcomeBack.app */;
			productType = "com.apple.product-type.application";
		};
		T007AA0000000000000000001 /* WelcomeBackTests */ = {
			isa = PBXNativeTarget;
			buildConfigurationList = T008AA0000000000000000001 /* Build configuration list for PBXNativeTarget "WelcomeBackTests" */;
			buildPhases = (
				T009AA0000000000000000001 /* Sources */,
				T005AA0000000000000000001 /* Frameworks */,
			);
			buildRules = (
			);
			dependencies = (
				T010AA0000000000000000001 /* PBXTargetDependency */,
			);
			name = WelcomeBackTests;
			productName = WelcomeBackTests;
			productReference = T004AA0000000000000000001 /* WelcomeBackTests.xctest */;
			productType = "com.apple.product-type.bundle.unit-test";
		};
		WGT005000000000000000001 /* WelcomeBackWidget */ = {
			isa = PBXNativeTarget;
			buildConfigurationList = WGT008000000000000000001 /* Build configuration list for PBXNativeTarget "WelcomeBackWidget" */;
			buildPhases = (
				WGT006000000000000000001 /* Sources */,
				WGT003000000000000000001 /* Frameworks */,
				WGT007000000000000000001 /* Resources */,
			);
			buildRules = (
			);
			dependencies = (
			);
			name = WelcomeBackWidget;
			productName = WelcomeBackWidget;
			productReference = WGT002000000000000000005 /* WelcomeBackWidget.appex */;
			productType = "com.apple.product-type.app-extension";
		};
/* End PBXNativeTarget section */

/* Begin PBXProject section */
		FB72992900FF436E8131F682 /* Project object */ = {
			isa = PBXProject;
			attributes = {
				BuildIndependentTargetsInParallel = 1;
				LastSwiftUpdateCheck = 1540;
				LastUpgradeCheck = 2620;
				TargetAttributes = {
					15282737539D469CAF4A24B5 = {
						CreatedOnToolsVersion = 15.4;
					};
					T007AA0000000000000000001 = {
						CreatedOnToolsVersion = 15.4;
						TestTargetID = 15282737539D469CAF4A24B5;
					};
					WGT005000000000000000001 = {
						CreatedOnToolsVersion = 15.4;
					};
				};
			};
			buildConfigurationList = 13D5CBDABBF94964B094F216 /* Build configuration list for PBXProject "WelcomeBack" */;
			compatibilityVersion = "Xcode 14.0";
			developmentRegion = en;
			hasScannedForEncodings = 0;
			knownRegions = (
				en,
				Base,
			);
			mainGroup = 0B822AB8ABC64A07BA47C3B4;
			productRefGroup = 4DB4CCA7AFE54C2C8ABC05AF /* Products */;
			projectDirPath = "";
			projectRoot = "";
			targets = (
				15282737539D469CAF4A24B5 /* WelcomeBack */,
				T007AA0000000000000000001 /* WelcomeBackTests */,
				WGT005000000000000000001 /* WelcomeBackWidget */,
			);
		};
/* End PBXProject section */

/* Begin PBXResourcesBuildPhase section */
		E8A96BFEE394464DB0D60924 /* Resources */ = {
			isa = PBXResourcesBuildPhase;
			buildActionMask = 2147483647;
			files = (
				966EF1AF5CE941F0A10740D0 /* Assets.xcassets in Resources */,
			);
			runOnlyForDeploymentPostprocessing = 0;
		};
		WGT007000000000000000001 /* Resources */ = {
			isa = PBXResourcesBuildPhase;
			buildActionMask = 2147483647;
			files = (
				WGT001000000000000000002 /* Assets.xcassets in Resources */,
			);
			runOnlyForDeploymentPostprocessing = 0;
		};
/* End PBXResourcesBuildPhase section */

/* Begin PBXSourcesBuildPhase section */
		57895A9AD78541B6B5F62E69 /* Sources */ = {
			isa = PBXSourcesBuildPhase;
			buildActionMask = 2147483647;
			files = (
				A12B001CB7DB49AF9563AD13 /* WelcomeBackApp.swift in Sources */,
				E4046ED6A3074741AC694A39 /* ContentView.swift in Sources */,
				9875E7995D294CB988D762F3 /* HomeView.swift in Sources */,
				F353BBAF955D422496144B7C /* ListeningView.swift in Sources */,
				8498B4C66FC54337AF701150 /* PlaybackView.swift in Sources */,
				27DD2EEE990B4279875BCB72 /* MemoriesView.swift in Sources */,
				CAR001000000000000000001 /* MemoryCarouselView.swift in Sources */,
				E969761872CB48C986337B81 /* FamilyView.swift in Sources */,
				F00D1E1EFFED4B138C82C702 /* MusicView.swift in Sources */,
				9C309B4373B443F999011B83 /* SettingsView.swift in Sources */,
				SE001000000000000000001 /* PersonalInfoView.swift in Sources */,
				SE001000000000000000002 /* NotificationsSettingsView.swift in Sources */,
				SE001000000000000000003 /* RecordVoiceView.swift in Sources */,
				38ABF02D442148B7AD863466 /* Colors.swift in Sources */,
				BDE30EA8963E4970B93DF40F /* Memory.swift in Sources */,
				D5902CCD9A4B40B681B9E5F6 /* FamilyMember.swift in Sources */,
				150F7B3F557940EA90CA8901 /* UserProfile.swift in Sources */,
				1F7BD671EB4442D0AEF5D8CE /* AppViewModel.swift in Sources */,
				CD08A9AB62BF4F9797B044D6 /* PlaybackViewModel.swift in Sources */,
				BB001MUSICVM0000002 /* MusicViewModel.swift in Sources */,
				45CEA7B841E642AB91812826 /* GeminiService.swift in Sources */,
				41365669B934429CBCA5F6A5 /* LiveSessionState.swift in Sources */,
				B89C9A45AFC5415E96101AD8 /* GeminiLiveService.swift in Sources */,
				C3DE39FA3546492492D5A466 /* LiveSessionViewModel.swift in Sources */,
				7278DA7811D7468C831D8E42 /* SpeechService.swift in Sources */,
			);
			runOnlyForDeploymentPostprocessing = 0;
		};
		T009AA0000000000000000001 /* Sources */ = {
			isa = PBXSourcesBuildPhase;
			buildActionMask = 2147483647;
			files = (
				T001AA0000000000000000001 /* MemoryTests.swift in Sources */,
				T001AA0000000000000000002 /* FamilyMemberTests.swift in Sources */,
				T001AA0000000000000000003 /* UserProfileTests.swift in Sources */,
				T001AA0000000000000000004 /* AppViewModelTests.swift in Sources */,
				T001AA0000000000000000005 /* GeminiServiceTests.swift in Sources */,
				T001AA0000000000000000006 /* PlaybackViewModelTests.swift in Sources */,
			);
			runOnlyForDeploymentPostprocessing = 0;
		};
		WGT006000000000000000001 /* Sources */ = {
			isa = PBXSourcesBuildPhase;
			buildActionMask = 2147483647;
			files = (
				WGT001000000000000000001 /* WelcomeBackWidget.swift in Sources */,
			);
			runOnlyForDeploymentPostprocessing = 0;
		};
/* End PBXSourcesBuildPhase section */

/* Begin PBXTargetDependency section */
		T010AA0000000000000000001 /* PBXTargetDependency */ = {
			isa = PBXTargetDependency;
			target = 15282737539D469CAF4A24B5 /* WelcomeBack */;
			targetProxy = T003AA0000000000000000001 /* PBXContainerItemProxy */;
		};
		WGT011000000000000000001 /* PBXTargetDependency */ = {
			isa = PBXTargetDependency;
			target = WGT005000000000000000001 /* WelcomeBackWidget */;
			targetProxy = WGT011000000000000000002 /* PBXContainerItemProxy */;
		};
/* End PBXTargetDependency section */

/* Begin XCBuildConfiguration section */
		3E2AADFDDECE49C2847688BX /* Debug */ = {
			isa = XCBuildConfiguration;
			buildSettings = {
				ALWAYS_SEARCH_USER_PATHS = NO;
				ASSETCATALOG_COMPILER_GENERATE_SWIFT_ASSET_SYMBOL_EXTENSIONS = YES;
				CLANG_ANALYZER_NONNULL = YES;
				CLANG_ANALYZER_NUMBER_OBJECT_CONVERSION = YES_AGGRESSIVE;
				CLANG_CXX_LANGUAGE_STANDARD = "gnu++20";
				CLANG_ENABLE_MODULES = YES;
				CLANG_ENABLE_OBJC_ARC = YES;
				CLANG_ENABLE_OBJC_WEAK = YES;
				CLANG_WARN_BLOCK_CAPTURE_AUTORELEASING = YES;
				CLANG_WARN_BOOL_CONVERSION = YES;
				CLANG_WARN_COMMA = YES;
				CLANG_WARN_CONSTANT_CONVERSION = YES;
				CLANG_WARN_DEPRECATED_OBJC_IMPLEMENTATIONS = YES;
				CLANG_WARN_DIRECT_OBJC_ISA_USAGE = YES_ERROR;
				CLANG_WARN_DOCUMENTATION_COMMENTS = YES;
				CLANG_WARN_EMPTY_BODY = YES;
				CLANG_WARN_ENUM_CONVERSION = YES;
				CLANG_WARN_INFINITE_RECURSION = YES;
				CLANG_WARN_INT_CONVERSION = YES;
				CLANG_WARN_NON_LITERAL_NULL_CONVERSION = YES;
				CLANG_WARN_OBJC_IMPLICIT_RETAIN_CYCLES = YES;
				CLANG_WARN_OBJC_IMPLICIT_RETAIN_SELF = YES;
				CLANG_WARN_OBJC_LITERAL_CONVERSION = YES;
				CLANG_WARN_OBJC_ROOT_CLASS = YES_ERROR;
				CLANG_WARN_QUOTED_INCLUDE_IN_FRAMEWORK_HEADER = YES;
				CLANG_WARN_RANGE_LOOP_ANALYSIS = YES;
				CLANG_WARN_STRICT_PROTOTYPES = YES;
				CLANG_WARN_SUSPICIOUS_MOVE = YES;
				CLANG_WARN_UNGUARDED_AVAILABILITY = YES_AGGRESSIVE;
				CLANG_WARN_UNREACHABLE_CODE = YES;
				CLANG_WARN__DUPLICATE_METHOD_MATCH = YES;
				COPY_PHASE_STRIP = NO;
				DEBUG_INFORMATION_FORMAT = dwarf;
				ENABLE_STRICT_OBJC_MSGSEND = YES;
				ENABLE_TESTABILITY = YES;
				ENABLE_USER_SCRIPT_SANDBOXING = YES;
				GCC_C_LANGUAGE_STANDARD = gnu17;
				GCC_DYNAMIC_NO_PIC = NO;
				GCC_NO_COMMON_BLOCKS = YES;
				GCC_OPTIMIZATION_LEVEL = 0;
				GCC_PREPROCESSOR_DEFINITIONS = (
					"DEBUG=1",
					"$(inherited)",
				);
				GCC_WARN_64_TO_32_BIT_CONVERSION = YES;
				GCC_WARN_ABOUT_RETURN_TYPE = YES_ERROR;
				GCC_WARN_UNDECLARED_SELECTOR = YES;
				GCC_WARN_UNINITIALIZED_AUTOS = YES_AGGRESSIVE;
				GCC_WARN_UNUSED_FUNCTION = YES;
				GCC_WARN_UNUSED_VARIABLE = YES;
				IPHONEOS_DEPLOYMENT_TARGET = 17.0;
				MTL_ENABLE_DEBUG_INFO = INCLUDE_SOURCE;
				MTL_FAST_MATH = YES;
				ONLY_ACTIVE_ARCH = YES;
				SDKROOT = iphoneos;
				STRING_CATALOG_GENERATE_SYMBOLS = YES;
				SWIFT_ACTIVE_COMPILATION_CONDITIONS = "DEBUG $(inherited)";
				SWIFT_OPTIMIZATION_LEVEL = "-Onone";
			};
			name = Debug;
		};
		591463A43A7347799042A51X /* Release */ = {
			isa = XCBuildConfiguration;
			buildSettings = {
				ASSETCATALOG_COMPILER_APPICON_NAME = AppIcon;
				ASSETCATALOG_COMPILER_GLOBAL_ACCENT_COLOR_NAME = AccentColor;
				CODE_SIGN_STYLE = Automatic;
				CURRENT_PROJECT_VERSION = 1;
				DEVELOPMENT_ASSET_PATHS = "";
				DEVELOPMENT_TEAM = 647W3RAYL3;
				ENABLE_PREVIEWS = YES;
				GENERATE_INFOPLIST_FILE = NO;
				INFOPLIST_FILE = WelcomeBack/Supporting/Info.plist;
				IPHONEOS_DEPLOYMENT_TARGET = 17.0;
				LD_RUNPATH_SEARCH_PATHS = (
					"$(inherited)",
					"@executable_path/Frameworks",
				);
				MARKETING_VERSION = 1.0;
				PRODUCT_BUNDLE_IDENTIFIER = ai.juntunen.welcomeback;
				PRODUCT_NAME = "$(TARGET_NAME)";
				SWIFT_EMIT_LOC_STRINGS = YES;
				SWIFT_VERSION = 5.0;
				TARGETED_DEVICE_FAMILY = 1;
			};
			name = Release;
		};
		AFFB626B53B843ABACAD592X /* Debug */ = {
			isa = XCBuildConfiguration;
			buildSettings = {
				ASSETCATALOG_COMPILER_APPICON_NAME = AppIcon;
				ASSETCATALOG_COMPILER_GLOBAL_ACCENT_COLOR_NAME = AccentColor;
				CODE_SIGN_STYLE = Automatic;
				CURRENT_PROJECT_VERSION = 1;
				DEVELOPMENT_ASSET_PATHS = "";
				DEVELOPMENT_TEAM = 647W3RAYL3;
				ENABLE_PREVIEWS = YES;
				GENERATE_INFOPLIST_FILE = NO;
				INFOPLIST_FILE = WelcomeBack/Supporting/Info.plist;
				IPHONEOS_DEPLOYMENT_TARGET = 17.0;
				LD_RUNPATH_SEARCH_PATHS = (
					"$(inherited)",
					"@executable_path/Frameworks",
				);
				MARKETING_VERSION = 1.0;
				PRODUCT_BUNDLE_IDENTIFIER = ai.juntunen.welcomeback;
				PRODUCT_NAME = "$(TARGET_NAME)";
				SWIFT_EMIT_LOC_STRINGS = YES;
				SWIFT_VERSION = 5.0;
				TARGETED_DEVICE_FAMILY = 1;
			};
			name = Debug;
		};
		DE297EACA8384C47815D017X /* Release */ = {
			isa = XCBuildConfiguration;
			buildSettings = {
				ALWAYS_SEARCH_USER_PATHS = NO;
				ASSETCATALOG_COMPILER_GENERATE_SWIFT_ASSET_SYMBOL_EXTENSIONS = YES;
				CLANG_ANALYZER_NONNULL = YES;
				CLANG_ANALYZER_NUMBER_OBJECT_CONVERSION = YES_AGGRESSIVE;
				CLANG_CXX_LANGUAGE_STANDARD = "gnu++20";
				CLANG_ENABLE_MODULES = YES;
				CLANG_ENABLE_OBJC_ARC = YES;
				CLANG_ENABLE_OBJC_WEAK = YES;
				CLANG_WARN_BLOCK_CAPTURE_AUTORELEASING = YES;
				CLANG_WARN_BOOL_CONVERSION = YES;
				CLANG_WARN_COMMA = YES;
				CLANG_WARN_CONSTANT_CONVERSION = YES;
				CLANG_WARN_DEPRECATED_OBJC_IMPLEMENTATIONS = YES;
				CLANG_WARN_DIRECT_OBJC_ISA_USAGE = YES_ERROR;
				CLANG_WARN_DOCUMENTATION_COMMENTS = YES;
				CLANG_WARN_EMPTY_BODY = YES;
				CLANG_WARN_ENUM_CONVERSION = YES;
				CLANG_WARN_INFINITE_RECURSION = YES;
				CLANG_WARN_INT_CONVERSION = YES;
				CLANG_WARN_NON_LITERAL_NULL_CONVERSION = YES;
				CLANG_WARN_OBJC_IMPLICIT_RETAIN_CYCLES = YES;
				CLANG_WARN_OBJC_IMPLICIT_RETAIN_SELF = YES;
				CLANG_WARN_OBJC_LITERAL_CONVERSION = YES;
				CLANG_WARN_OBJC_ROOT_CLASS = YES_ERROR;
				CLANG_WARN_QUOTED_INCLUDE_IN_FRAMEWORK_HEADER = YES;
				CLANG_WARN_RANGE_LOOP_ANALYSIS = YES;
				CLANG_WARN_STRICT_PROTOTYPES = YES;
				CLANG_WARN_SUSPICIOUS_MOVE = YES;
				CLANG_WARN_UNGUARDED_AVAILABILITY = YES_AGGRESSIVE;
				CLANG_WARN_UNREACHABLE_CODE = YES;
				CLANG_WARN__DUPLICATE_METHOD_MATCH = YES;
				COPY_PHASE_STRIP = NO;
				DEBUG_INFORMATION_FORMAT = "dwarf-with-dsym";
				ENABLE_NS_ASSERTIONS = NO;
				ENABLE_STRICT_OBJC_MSGSEND = YES;
				ENABLE_USER_SCRIPT_SANDBOXING = YES;
				GCC_C_LANGUAGE_STANDARD = gnu17;
				GCC_NO_COMMON_BLOCKS = YES;
				GCC_WARN_64_TO_32_BIT_CONVERSION = YES;
				GCC_WARN_ABOUT_RETURN_TYPE = YES_ERROR;
				GCC_WARN_UNDECLARED_SELECTOR = YES;
				GCC_WARN_UNINITIALIZED_AUTOS = YES_AGGRESSIVE;
				GCC_WARN_UNUSED_FUNCTION = YES;
				GCC_WARN_UNUSED_VARIABLE = YES;
				IPHONEOS_DEPLOYMENT_TARGET = 17.0;
				MTL_FAST_MATH = YES;
				SDKROOT = iphoneos;
				STRING_CATALOG_GENERATE_SYMBOLS = YES;
				SWIFT_COMPILATION_MODE = wholemodule;
				VALIDATE_PRODUCT = YES;
			};
			name = Release;
		};
		T011AA0000000000000000001 /* Debug */ = {
			isa = XCBuildConfiguration;
			buildSettings = {
				BUNDLE_LOADER = "$(TEST_HOST)";
				CODE_SIGN_STYLE = Automatic;
				CURRENT_PROJECT_VERSION = 1;
				GENERATE_INFOPLIST_FILE = YES;
				IPHONEOS_DEPLOYMENT_TARGET = 17.0;
				MARKETING_VERSION = 1.0;
				PRODUCT_BUNDLE_IDENTIFIER = ai.juntunen.welcomeback.tests;
				PRODUCT_NAME = "$(TARGET_NAME)";
				SWIFT_EMIT_LOC_STRINGS = NO;
				SWIFT_VERSION = 5.0;
				TARGETED_DEVICE_FAMILY = 1;
				TEST_HOST = "$(BUILT_PRODUCTS_DIR)/WelcomeBack.app/$(BUNDLE_EXECUTABLE_FOLDER_PATH)/WelcomeBack";
			};
			name = Debug;
		};
		T011AA0000000000000000002 /* Release */ = {
			isa = XCBuildConfiguration;
			buildSettings = {
				BUNDLE_LOADER = "$(TEST_HOST)";
				CODE_SIGN_STYLE = Automatic;
				CURRENT_PROJECT_VERSION = 1;
				GENERATE_INFOPLIST_FILE = YES;
				IPHONEOS_DEPLOYMENT_TARGET = 17.0;
				MARKETING_VERSION = 1.0;
				PRODUCT_BUNDLE_IDENTIFIER = ai.juntunen.welcomeback.tests;
				PRODUCT_NAME = "$(TARGET_NAME)";
				SWIFT_EMIT_LOC_STRINGS = NO;
				SWIFT_VERSION = 5.0;
				TARGETED_DEVICE_FAMILY = 1;
				TEST_HOST = "$(BUILT_PRODUCTS_DIR)/WelcomeBack.app/$(BUNDLE_EXECUTABLE_FOLDER_PATH)/WelcomeBack";
			};
			name = Release;
		};
		WGT009000000000000000001 /* Debug */ = {
			isa = XCBuildConfiguration;
			buildSettings = {
				ASSETCATALOG_COMPILER_GLOBAL_ACCENT_COLOR_NAME = AccentColor;
				CODE_SIGN_STYLE = Automatic;
				CURRENT_PROJECT_VERSION = 1;
				DEVELOPMENT_TEAM = 647W3RAYL3;
				GENERATE_INFOPLIST_FILE = NO;
				INFOPLIST_FILE = WelcomeBackWidget/WelcomeBackWidget-Info.plist;
				IPHONEOS_DEPLOYMENT_TARGET = 17.0;
				LD_RUNPATH_SEARCH_PATHS = (
					"$(inherited)",
					"@executable_path/Frameworks",
					"@executable_path/../../Frameworks",
				);
				MARKETING_VERSION = 1.0;
				PRODUCT_BUNDLE_IDENTIFIER = ai.juntunen.welcomeback.widget;
				PRODUCT_NAME = "$(TARGET_NAME)";
				SKIP_INSTALL = YES;
				SWIFT_EMIT_LOC_STRINGS = YES;
				SWIFT_VERSION = 5.0;
				TARGETED_DEVICE_FAMILY = 1;
			};
			name = Debug;
		};
		WGT009000000000000000002 /* Release */ = {
			isa = XCBuildConfiguration;
			buildSettings = {
				ASSETCATALOG_COMPILER_GLOBAL_ACCENT_COLOR_NAME = AccentColor;
				CODE_SIGN_STYLE = Automatic;
				CURRENT_PROJECT_VERSION = 1;
				DEVELOPMENT_TEAM = 647W3RAYL3;
				GENERATE_INFOPLIST_FILE = NO;
				INFOPLIST_FILE = WelcomeBackWidget/WelcomeBackWidget-Info.plist;
				IPHONEOS_DEPLOYMENT_TARGET = 17.0;
				LD_RUNPATH_SEARCH_PATHS = (
					"$(inherited)",
					"@executable_path/Frameworks",
					"@executable_path/../../Frameworks",
				);
				MARKETING_VERSION = 1.0;
				PRODUCT_BUNDLE_IDENTIFIER = ai.juntunen.welcomeback.widget;
				PRODUCT_NAME = "$(TARGET_NAME)";
				SKIP_INSTALL = YES;
				SWIFT_EMIT_LOC_STRINGS = YES;
				SWIFT_VERSION = 5.0;
				TARGETED_DEVICE_FAMILY = 1;
			};
			name = Release;
		};
/* End XCBuildConfiguration section */

/* Begin XCConfigurationList section */
		13D5CBDABBF94964B094F216 /* Build configuration list for PBXProject "WelcomeBack" */ = {
			isa = XCConfigurationList;
			buildConfigurations = (
				3E2AADFDDECE49C2847688BX /* Debug */,
				DE297EACA8384C47815D017X /* Release */,
			);
			defaultConfigurationIsVisible = 0;
			defaultConfigurationName = Release;
		};
		AC866B4AFA354D33ABC46F51 /* Build configuration list for PBXNativeTarget "WelcomeBack" */ = {
			isa = XCConfigurationList;
			buildConfigurations = (
				AFFB626B53B843ABACAD592X /* Debug */,
				591463A43A7347799042A51X /* Release */,
			);
			defaultConfigurationIsVisible = 0;
			defaultConfigurationName = Release;
		};
		T008AA0000000000000000001 /* Build configuration list for PBXNativeTarget "WelcomeBackTests" */ = {
			isa = XCConfigurationList;
			buildConfigurations = (
				T011AA0000000000000000001 /* Debug */,
				T011AA0000000000000000002 /* Release */,
			);
			defaultConfigurationIsVisible = 0;
			defaultConfigurationName = Release;
		};
		WGT008000000000000000001 /* Build configuration list for PBXNativeTarget "WelcomeBackWidget" */ = {
			isa = XCConfigurationList;
			buildConfigurations = (
				WGT009000000000000000001 /* Debug */,
				WGT009000000000000000002 /* Release */,
			);
			defaultConfigurationIsVisible = 0;
			defaultConfigurationName = Release;
		};
/* End XCConfigurationList section */
	};
	rootObject = FB72992900FF436E8131F682 /* Project object */;
}
